
Microsoft Visual Studio Solution File, Format Version 12.00
# Visual Studio Version 16
VisualStudioVersion = 16.0.30114.105
MinimumVisualStudioVersion = 10.0.40219.1
Project("{FAE04EC0-301F-11D3-BF4B-00C04F79EFBC}") = "API", "API\API.csproj", "{1C8F2289-0939-4EE3-A424-BC694173268A}"
EndProject
Project("{FAE04EC0-301F-11D3-BF4B-00C04F79EFBC}") = "Core", "Core\Core.csproj", "{5DA79B49-2367-4A5D-BA84-14C3EEEBB801}"
EndProject
Project("{FAE04EC0-301F-11D3-BF4B-00C04F79EFBC}") = "Infrastructure", "Infrastructure\Infrastructure.csproj", "{40FCC20E-EFE4-462F-88FD-1E2B190EAD61}"
EndProject
Global
	GlobalSection(SolutionConfigurationPlatforms) = preSolution
		Debug|Any CPU = Debug|Any CPU
		Release|Any CPU = Release|Any CPU
	EndGlobalSection
	GlobalSection(SolutionProperties) = preSolution
		HideSolutionNode = FALSE
	EndGlobalSection
	GlobalSection(ProjectConfigurationPlatforms) = postSolution
		{1C8F2289-0939-4EE3-A424-BC694173268A}.Debug|Any CPU.ActiveCfg = Debug|Any CPU
		{1C8F2289-0939-4EE3-A424-BC694173268A}.Debug|Any CPU.Build.0 = Debug|Any CPU
		{1C8F2289-0939-4EE3-A424-BC694173268A}.Release|Any CPU.ActiveCfg = Release|Any CPU
		{1C8F2289-0939-4EE3-A424-BC694173268A}.Release|Any CPU.Build.0 = Release|Any CPU
		{5DA79B49-2367-4A5D-BA84-14C3EEEBB801}.Debug|Any CPU.ActiveCfg = Debug|Any CPU
		{5DA79B49-2367-4A5D-BA84-14C3EEEBB801}.Debug|Any CPU.Build.0 = Debug|Any CPU
		{5DA79B49-2367-4A5D-BA84-14C3EEEBB801}.Release|Any CPU.ActiveCfg = Release|Any CPU
		{5DA79B49-2367-4A5D-BA84-14C3EEEBB801}.Release|Any CPU.Build.0 = Release|Any CPU
		{40FCC20E-EFE4-462F-88FD-1E2B190EAD61}.Debug|Any CPU.ActiveCfg = Debug|Any CPU
		{40FCC20E-EFE4-462F-88FD-1E2B190EAD61}.Debug|Any CPU.Build.0 = Debug|Any CPU
		{40FCC20E-EFE4-462F-88FD-1E2B190EAD61}.Release|Any CPU.ActiveCfg = Release|Any CPU
		{40FCC20E-EFE4-462F-88FD-1E2B190EAD61}.Release|Any CPU.Build.0 = Release|Any CPU
	EndGlobalSection
EndGlobal
